// !$*UTF8*$!
{
	archiveVersion = 1;
	classes = {
	};
	objectVersion = 50;
	objects = {

/* Begin PBXBuildFile section */
		417ECBC224E2588900526A5B /* AppDelegate.swift in Sources */ = {isa = PBXBuildFile; fileRef = 417ECBC124E2588900526A5B /* AppDelegate.swift */; };
		417ECBC424E2588900526A5B /* SceneDelegate.swift in Sources */ = {isa = PBXBuildFile; fileRef = 417ECBC324E2588900526A5B /* SceneDelegate.swift */; };
		417ECBC624E2588900526A5B /* ViewController.swift in Sources */ = {isa = PBXBuildFile; fileRef = 417ECBC524E2588900526A5B /* ViewController.swift */; };
		417ECBC924E2588900526A5B /* Main.storyboard in Resources */ = {isa = PBXBuildFile; fileRef = 417ECBC724E2588900526A5B /* Main.storyboard */; };
		417ECBCC24E2588900526A5B /* CoreData_app.xcdatamodeld in Sources */ = {isa = PBXBuildFile; fileRef = 417ECBCA24E2588900526A5B /* CoreData_app.xcdatamodeld */; };
		417ECBCE24E2588900526A5B /* Assets.xcassets in Resources */ = {isa = PBXBuildFile; fileRef = 417ECBCD24E2588900526A5B /* Assets.xcassets */; };
		417ECBD124E2588900526A5B /* LaunchScreen.storyboard in Resources */ = {isa = PBXBuildFile; fileRef = 417ECBCF24E2588900526A5B /* LaunchScreen.storyboard */; };
/* End PBXBuildFile section */

/* Begin PBXFileReference section */
		417ECBBE24E2588900526A5B /* CoreData app.app */ = {isa = PBXFileReference; explicitFileType = wrapper.application; includeInIndex = 0; path = "CoreData app.app"; sourceTree = BUILT_PRODUCTS_DIR; };
		417ECBC124E2588900526A5B /* AppDelegate.swift */ = {isa = PBXFileReference; lastKnownFileType = sourcecode.swift; path = AppDelegate.swift; sourceTree = "<group>"; };
		417ECBC324E2588900526A5B /* SceneDelegate.swift */ = {isa = PBXFileReference; lastKnownFileType = sourcecode.swift; path = SceneDelegate.swift; sourceTree = "<group>"; };
		417ECBC524E2588900526A5B /* ViewController.swift */ = {isa = PBXFileReference; lastKnownFileType = sourcecode.swift; path = ViewController.swift; sourceTree = "<group>"; };
		417ECBC824E2588900526A5B /* Base */ = {isa = PBXFileReference; lastKnownFileType = file.storyboard; name = Base; path = Base.lproj/Main.storyboard; sourceTree = "<group>"; };
		417ECBCB24E2588900526A5B /* CoreData_app.xcdatamodel */ = {isa = PBXFileReference; lastKnownFileType = wrapper.xcdatamodel; path = CoreData_app.xcdatamodel; sourceTree = "<group>"; };
		417ECBCD24E2588900526A5B /* Assets.xcassets */ = {isa = PBXFileReference; lastKnownFileType = folder.assetcatalog; path = Assets.xcassets; sourceTree = "<group>"; };
		417ECBD024E2588900526A5B /* Base */ = {isa = PBXFileReference; lastKnownFileType = file.storyboard; name = Base; path = Base.lproj/LaunchScreen.storyboard; sourceTree = "<group>"; };
		417ECBD224E2588900526A5B /* Info.plist */ = {isa = PBXFileReference; lastKnownFileType = text.plist.xml; path = Info.plist; sourceTree = "<group>"; };
/* End PBXFileReference section */

/* Begin PBXFrameworksBuildPhase section */
		417ECBBB24E2588900526A5B /* Frameworks */ = {
			isa = PBXFrameworksBuildPhase;
			buildActionMask = 2147483647;
			files = (
			);
			runOnlyForDeploymentPostprocessing = 0;
		};
/* End PBXFrameworksBuildPhase section */

/* Begin PBXGroup section */
		417ECBB524E2588900526A5B = {
			isa = PBXGroup;
			children = (
				417ECBC024E2588900526A5B /* CoreData app */,
				417ECBBF24E2588900526A5B /* Products */,
			);
			sourceTree = "<group>";
		};
		417ECBBF24E2588900526A5B /* Products */ = {
			isa = PBXGroup;
			children = (
				417ECBBE24E2588900526A5B /* CoreData app.app */,
			);
			name = Products;
			sourceTree = "<group>";
		};
		417ECBC024E2588900526A5B /* CoreData app */ = {
			isa = PBXGroup;
			children = (
				417ECBC124E2588900526A5B /* AppDelegate.swift */,
				417ECBC324E2588900526A5B /* SceneDelegate.swift */,
				417ECBC524E2588900526A5B /* ViewController.swift */,
				417ECBC724E2588900526A5B /* Main.storyboard */,
				417ECBCD24E2588900526A5B /* Assets.xcassets */,
				417ECBCF24E2588900526A5B /* LaunchScreen.storyboard */,
				417ECBD224E2588900526A5B /* Info.plist */,
				417ECBCA24E2588900526A5B /* CoreData_app.xcdatamodeld */,
			);
			path = "CoreData app";
			sourceTree = "<group>";
		};
/* End PBXGroup section */

/* Begin PBXNativeTarget section */
		417ECBBD24E2588900526A5B /* CoreData app */ = {
			isa = PBXNativeTarget;
			buildConfigurationList = 417ECBD524E2588900526A5B /* Build configuration list for PBXNativeTarget "CoreData app" */;
			buildPhases = (
				417ECBBA24E2588900526A5B /* Sources */,
				417ECBBB24E2588900526A5B /* Frameworks */,
				417ECBBC24E2588900526A5B /* Resources */,
			);
			buildRules = (
			);
			dependencies = (
			);
			name = "CoreData app";
			productName = "CoreData app";
			productReference = 417ECBBE24E2588900526A5B /* CoreData app.app */;
			productType = "com.apple.product-type.application";
		};
/* End PBXNativeTarget section */

/* Begin PBXProject section */
		417ECBB624E2588900526A5B /* Project object */ = {
			isa = PBXProject;
			attributes = {
				LastSwiftUpdateCheck = 1160;
				LastUpgradeCheck = 1160;
				ORGANIZATIONNAME = SAFCSP;
				TargetAttributes = {
					417ECBBD24E2588900526A5B = {
						CreatedOnToolsVersion = 11.6;
					};
				};
			};
			buildConfigurationList = 417ECBB924E2588900526A5B /* Build configuration list for PBXProject "CoreData app" */;
			compatibilityVersion = "Xcode 9.3";
			developmentRegion = en;
			hasScannedForEncodings = 0;
			knownRegions = (
				en,
				Base,
			);
			mainGroup = 417ECBB524E2588900526A5B;
			productRefGroup = 417ECBBF24E2588900526A5B /* Products */;
			projectDirPath = "";
			projectRoot = "";
			targets = (
				417ECBBD24E2588900526A5B /* CoreData app */,
			);
		};
/* End PBXProject section */

/* Begin PBXResourcesBuildPhase section */
		417ECBBC24E2588900526A5B /* Resources */ = {
			isa = PBXResourcesBuildPhase;
			buildActionMask = 2147483647;
			files = (
				417ECBD124E2588900526A5B /* LaunchScreen.storyboard in Resources */,
				417ECBCE24E2588900526A5B /* Assets.xcassets in Resources */,
				417ECBC924E2588900526A5B /* Main.storyboard in Resources */,
			);
			runOnlyForDeploymentPostprocessing = 0;
		};
/* End PBXResourcesBuildPhase section */

/* Begin PBXSourcesBuildPhase section */
		417ECBBA24E2588900526A5B /* Sources */ = {
			isa = PBXSourcesBuildPhase;
			buildActionMask = 2147483647;
			files = (
				417ECBCC24E2588900526A5B /* CoreData_app.xcdatamodeld in Sources */,
				417ECBC624E2588900526A5B /* ViewController.swift in Sources */,
				417ECBC224E2588900526A5B /* AppDelegate.swift in Sources */,
				417ECBC424E2588900526A5B /* SceneDelegate.swift in Sources */,
			);
			runOnlyForDeploymentPostprocessing = 0;
		};
/* End PBXSourcesBuildPhase section */

/* Begin PBXVariantGroup section */
		417ECBC724E2588900526A5B /* Main.storyboard */ = {
			isa = PBXVariantGroup;
			children = (
				417ECBC824E2588900526A5B /* Base */,
			);
			name = Main.storyboard;
			sourceTree = "<group>";
		};
		417ECBCF24E2588900526A5B /* LaunchScreen.storyboard */ = {
			isa = PBXVariantGroup;
			children = (
				417ECBD024E2588900526A5B /* Base */,
			);
			name = LaunchScreen.storyboard;
			sourceTree = "<group>";
		};
/* End PBXVariantGroup section */

/* Begin XCBuildConfiguration section */
		417ECBD324E2588900526A5B /* Debug */ = {
			isa = XCBuildConfiguration;
			buildSettings = {
				ALWAYS_SEARCH_USER_PATHS = NO;
				CLANG_ANALYZER_NONNULL = YES;
				CLANG_ANALYZER_NUMBER_OBJECT_CONVERSION = YES_AGGRESSIVE;
				CLANG_CXX_LANGUAGE_STANDARD = "gnu++14";
				CLANG_CXX_LIBRARY = "libc++";
				CLANG_ENABLE_MODULES = YES;
				CLANG_ENABLE_OBJC_ARC = YES;
				CLANG_ENABLE_OBJC_WEAK = YES;
				CLANG_WARN_BLOCK_CAPTURE_AUTORELEASING = YES;
				CLANG_WARN_BOOL_CONVERSION = YES;
				CLANG_WARN_COMMA = YES;
				CLANG_WARN_CONSTANT_CONVERSION = YES;
				CLANG_WARN_DEPRECATED_OBJC_IMPLEMENTATIONS = YES;
				CLANG_WARN_DIRECT_OBJC_ISA_USAGE = YES_ERROR;
				CLANG_WARN_DOCUMENTATION_COMMENTS = YES;
				CLANG_WARN_EMPTY_BODY = YES;
				CLANG_WARN_ENUM_CONVERSION = YES;
				CLANG_WARN_INFINITE_RECURSION = YES;
				CLANG_WARN_INT_CONVERSION = YES;
				CLANG_WARN_NON_LITERAL_NULL_CONVERSION = YES;
				CLANG_WARN_OBJC_IMPLICIT_RETAIN_SELF = YES;
				CLANG_WARN_OBJC_LITERAL_CONVERSION = YES;
				CLANG_WARN_OBJC_ROOT_CLASS = YES_ERROR;
				CLANG_WARN_RANGE_LOOP_ANALYSIS = YES;
				CLANG_WARN_STRICT_PROTOTYPES = YES;
				CLANG_WARN_SUSPICIOUS_MOVE = YES;
				CLANG_WARN_UNGUARDED_AVAILABILITY = YES_AGGRESSIVE;
				CLANG_WARN_UNREACHABLE_CODE = YES;
				CLANG_WARN__DUPLICATE_METHOD_MATCH = YES;
				COPY_PHASE_STRIP = NO;
				DEBUG_INFORMATION_FORMAT = dwarf;
				ENABLE_STRICT_OBJC_MSGSEND = YES;
				ENABLE_TESTABILITY = YES;
				GCC_C_LANGUAGE_STANDARD = gnu11;
				GCC_DYNAMIC_NO_PIC = NO;
				GCC_NO_COMMON_BLOCKS = YES;
				GCC_OPTIMIZATION_LEVEL = 0;
				GCC_PREPROCESSOR_DEFINITIONS = (
					"DEBUG=1",
					"$(inherited)",
				);
				GCC_WARN_64_TO_32_BIT_CONVERSION = YES;
				GCC_WARN_ABOUT_RETURN_TYPE = YES_ERROR;
				GCC_WARN_UNDECLARED_SELECTOR = YES;
				GCC_WARN_UNINITIALIZED_AUTOS = YES_AGGRESSIVE;
				GCC_WARN_UNUSED_FUNCTION = YES;
				GCC_WARN_UNUSED_VARIABLE = YES;
				IPHONEOS_DEPLOYMENT_TARGET = 14.0;
				MTL_ENABLE_DEBUG_INFO = INCLUDE_SOURCE;
				MTL_FAST_MATH = YES;
				ONLY_ACTIVE_ARCH = YES;
				SDKROOT = iphoneos;
				SWIFT_ACTIVE_COMPILATION_CONDITIONS = DEBUG;
				SWIFT_OPTIMIZATION_LEVEL = "-Onone";
			};
			name = Debug;
		};
		417ECBD424E2588900526A5B /* Release */ = {
			isa = XCBuildConfiguration;
			buildSettings = {
				ALWAYS_SEARCH_USER_PATHS = NO;
				CLANG_ANALYZER_NONNULL = YES;
				CLANG_ANALYZER_NUMBER_OBJECT_CONVERSION = YES_AGGRESSIVE;
				CLANG_CXX_LANGUAGE_STANDARD = "gnu++14";
				CLANG_CXX_LIBRARY = "libc++";
				CLANG_ENABLE_MODULES = YES;
				CLANG_ENABLE_OBJC_ARC = YES;
				CLANG_ENABLE_OBJC_WEAK = YES;
				CLANG_WARN_BLOCK_CAPTURE_AUTORELEASING = YES;
				CLANG_WARN_BOOL_CONVERSION = YES;
				CLANG_WARN_COMMA = YES;
				CLANG_WARN_CONSTANT_CONVERSION = YES;
				CLANG_WARN_DEPRECATED_OBJC_IMPLEMENTATIONS = YES;
				CLANG_WARN_DIRECT_OBJC_ISA_USAGE = YES_ERROR;
				CLANG_WARN_DOCUMENTATION_COMMENTS = YES;
				CLANG_WARN_EMPTY_BODY = YES;
				CLANG_WARN_ENUM_CONVERSION = YES;
				CLANG_WARN_INFINITE_RECURSION = YES;
				CLANG_WARN_INT_CONVERSION = YES;
				CLANG_WARN_NON_LITERAL_NULL_CONVERSION = YES;
				CLANG_WARN_OBJC_IMPLICIT_RETAIN_SELF = YES;
				CLANG_WARN_OBJC_LITERAL_CONVERSION = YES;
				CLANG_WARN_OBJC_ROOT_CLASS = YES_ERROR;
				CLANG_WARN_RANGE_LOOP_ANALYSIS = YES;
				CLANG_WARN_STRICT_PROTOTYPES = YES;
				CLANG_WARN_SUSPICIOUS_MOVE = YES;
				CLANG_WARN_UNGUARDED_AVAILABILITY = YES_AGGRESSIVE;
				CLANG_WARN_UNREACHABLE_CODE = YES;
				CLANG_WARN__DUPLICATE_METHOD_MATCH = YES;
				COPY_PHASE_STRIP = NO;
				DEBUG_INFORMATION_FORMAT = "dwarf-with-dsym";
				ENABLE_NS_ASSERTIONS = NO;
				ENABLE_STRICT_OBJC_MSGSEND = YES;
				GCC_C_LANGUAGE_STANDARD = gnu11;
				GCC_NO_COMMON_BLOCKS = YES;
				GCC_WARN_64_TO_32_BIT_CONVERSION = YES;
				GCC_WARN_ABOUT_RETURN_TYPE = YES_ERROR;
				GCC_WARN_UNDECLARED_SELECTOR = YES;
				GCC_WARN_UNINITIALIZED_AUTOS = YES_AGGRESSIVE;
				GCC_WARN_UNUSED_FUNCTION = YES;
				GCC_WARN_UNUSED_VARIABLE = YES;
				IPHONEOS_DEPLOYMENT_TARGET = 14.0;
				MTL_ENABLE_DEBUG_INFO = NO;
				MTL_FAST_MATH = YES;
				SDKROOT = iphoneos;
				SWIFT_COMPILATION_MODE = wholemodule;
				SWIFT_OPTIMIZATION_LEVEL = "-O";
				VALIDATE_PRODUCT = YES;
			};
			name = Release;
		};
		417ECBD624E2588900526A5B /* Debug */ = {
			isa = XCBuildConfiguration;
			buildSettings = {
				ASSETCATALOG_COMPILER_APPICON_NAME = AppIcon;
				CODE_SIGN_STYLE = Automatic;
				DEVELOPMENT_TEAM = N77Z79C287;
				INFOPLIST_FILE = "CoreData app/Info.plist";
				LD_RUNPATH_SEARCH_PATHS = (
					"$(inherited)",
					"@executable_path/Frameworks",
				);
				PRODUCT_BUNDLE_IDENTIFIER = "SAFCSP.CoreData-app";
				PRODUCT_NAME = "$(TARGET_NAME)";
				SWIFT_VERSION = 5.0;
				TARGETED_DEVICE_FAMILY = "1,2";
			};
			name = Debug;
		};
		417ECBD724E2588900526A5B /* Release */ = {
			isa = XCBuildConfiguration;
			buildSettings = {
				ASSETCATALOG_COMPILER_APPICON_NAME = AppIcon;
				CODE_SIGN_STYLE = Automatic;
				DEVELOPMENT_TEAM = N77Z79C287;
				INFOPLIST_FILE = "CoreData app/Info.plist";
				LD_RUNPATH_SEARCH_PATHS = (
					"$(inherited)",
					"@executable_path/Frameworks",
				);
				PRODUCT_BUNDLE_IDENTIFIER = "SAFCSP.CoreData-app";
				PRODUCT_NAME = "$(TARGET_NAME)";
				SWIFT_VERSION = 5.0;
				TARGETED_DEVICE_FAMILY = "1,2";
			};
			name = Release;
		};
/* End XCBuildConfiguration section */

/* Begin XCConfigurationList section */
		417ECBB924E2588900526A5B /* Build configuration list for PBXProject "CoreData app" */ = {
			isa = XCConfigurationList;
			buildConfigurations = (
				417ECBD324E2588900526A5B /* Debug */,
				417ECBD424E2588900526A5B /* Release */,
			);
			defaultConfigurationIsVisible = 0;
			defaultConfigurationName = Release;
		};
		417ECBD524E2588900526A5B /* Build configuration list for PBXNativeTarget "CoreData app" */ = {
			isa = XCConfigurationList;
			buildConfigurations = (
				417ECBD624E2588900526A5B /* Debug */,
				417ECBD724E2588900526A5B /* Release */,
			);
			defaultConfigurationIsVisible = 0;
			defaultConfigurationName = Release;
		};
/* End XCConfigurationList section */

/* Begin XCVersionGroup section */
		417ECBCA24E2588900526A5B /* CoreData_app.xcdatamodeld */ = {
			isa = XCVersionGroup;
			children = (
				417ECBCB24E2588900526A5B /* CoreData_app.xcdatamodel */,
			);
			currentVersion = 417ECBCB24E2588900526A5B /* CoreData_app.xcdatamodel */;
			path = CoreData_app.xcdatamodeld;
			sourceTree = "<group>";
			versionGroupType = wrapper.xcdatamodel;
		};
/* End XCVersionGroup section */
	};
	rootObject = 417ECBB624E2588900526A5B /* Project object */;
}
