// !$*UTF8*$!
{
	archiveVersion = 1;
	classes = {
	};
	objectVersion = 55;
	objects = {

/* Begin PBXBuildFile section */
		AD3C58F2274E4C8E008CFC39 /* AppDelegate.swift in Sources */ = {isa = PBXBuildFile; fileRef = AD3C58F1274E4C8E008CFC39 /* AppDelegate.swift */; };
		AD3C58F4274E4C8E008CFC39 /* SceneDelegate.swift in Sources */ = {isa = PBXBuildFile; fileRef = AD3C58F3274E4C8E008CFC39 /* SceneDelegate.swift */; };
		AD3C58F6274E4C8E008CFC39 /* ViewController.swift in Sources */ = {isa = PBXBuildFile; fileRef = AD3C58F5274E4C8E008CFC39 /* ViewController.swift */; };
		AD3C58F9274E4C8E008CFC39 /* Main.storyboard in Resources */ = {isa = PBXBuildFile; fileRef = AD3C58F7274E4C8E008CFC39 /* Main.storyboard */; };
		AD3C58FC274E4C8E008CFC39 /* CoreDatePracrice2.xcdatamodeld in Sources */ = {isa = PBXBuildFile; fileRef = AD3C58FA274E4C8E008CFC39 /* CoreDatePracrice2.xcdatamodeld */; };
		AD3C58FE274E4C90008CFC39 /* Assets.xcassets in Resources */ = {isa = PBXBuildFile; fileRef = AD3C58FD274E4C90008CFC39 /* Assets.xcassets */; };
		AD3C5901274E4C90008CFC39 /* LaunchScreen.storyboard in Resources */ = {isa = PBXBuildFile; fileRef = AD3C58FF274E4C90008CFC39 /* LaunchScreen.storyboard */; };
		AD3C5909274E6FA6008CFC39 /* TableViewCell.swift in Sources */ = {isa = PBXBuildFile; fileRef = AD3C5908274E6FA6008CFC39 /* TableViewCell.swift */; };
/* End PBXBuildFile section */

/* Begin PBXFileReference section */
		AD3C58EE274E4C8E008CFC39 /* CoreDatePracrice2.app */ = {isa = PBXFileReference; explicitFileType = wrapper.application; includeInIndex = 0; path = CoreDatePracrice2.app; sourceTree = BUILT_PRODUCTS_DIR; };
		AD3C58F1274E4C8E008CFC39 /* AppDelegate.swift */ = {isa = PBXFileReference; lastKnownFileType = sourcecode.swift; path = AppDelegate.swift; sourceTree = "<group>"; };
		AD3C58F3274E4C8E008CFC39 /* SceneDelegate.swift */ = {isa = PBXFileReference; lastKnownFileType = sourcecode.swift; path = SceneDelegate.swift; sourceTree = "<group>"; };
		AD3C58F5274E4C8E008CFC39 /* ViewController.swift */ = {isa = PBXFileReference; lastKnownFileType = sourcecode.swift; path = ViewController.swift; sourceTree = "<group>"; };
		AD3C58F8274E4C8E008CFC39 /* Base */ = {isa = PBXFileReference; lastKnownFileType = file.storyboard; name = Base; path = Base.lproj/Main.storyboard; sourceTree = "<group>"; };
		AD3C58FB274E4C8E008CFC39 /* CoreDatePracrice2.xcdatamodel */ = {isa = PBXFileReference; lastKnownFileType = wrapper.xcdatamodel; path = CoreDatePracrice2.xcdatamodel; sourceTree = "<group>"; };
		AD3C58FD274E4C90008CFC39 /* Assets.xcassets */ = {isa = PBXFileReference; lastKnownFileType = folder.assetcatalog; path = Assets.xcassets; sourceTree = "<group>"; };
		AD3C5900274E4C90008CFC39 /* Base */ = {isa = PBXFileReference; lastKnownFileType = file.storyboard; name = Base; path = Base.lproj/LaunchScreen.storyboard; sourceTree = "<group>"; };
		AD3C5902274E4C90008CFC39 /* Info.plist */ = {isa = PBXFileReference; lastKnownFileType = text.plist.xml; path = Info.plist; sourceTree = "<group>"; };
		AD3C5908274E6FA6008CFC39 /* TableViewCell.swift */ = {isa = PBXFileReference; lastKnownFileType = sourcecode.swift; path = TableViewCell.swift; sourceTree = "<group>"; };
/* End PBXFileReference section */

/* Begin PBXFrameworksBuildPhase section */
		AD3C58EB274E4C8E008CFC39 /* Frameworks */ = {
			isa = PBXFrameworksBuildPhase;
			buildActionMask = 2147483647;
			files = (
			);
			runOnlyForDeploymentPostprocessing = 0;
		};
/* End PBXFrameworksBuildPhase section */

/* Begin PBXGroup section */
		AD3C58E5274E4C8E008CFC39 = {
			isa = PBXGroup;
			children = (
				AD3C58F0274E4C8E008CFC39 /* CoreDatePracrice2 */,
				AD3C58EF274E4C8E008CFC39 /* Products */,
			);
			sourceTree = "<group>";
		};
		AD3C58EF274E4C8E008CFC39 /* Products */ = {
			isa = PBXGroup;
			children = (
				AD3C58EE274E4C8E008CFC39 /* CoreDatePracrice2.app */,
			);
			name = Products;
			sourceTree = "<group>";
		};
		AD3C58F0274E4C8E008CFC39 /* CoreDatePracrice2 */ = {
			isa = PBXGroup;
			children = (
				AD3C58F1274E4C8E008CFC39 /* AppDelegate.swift */,
				AD3C58F3274E4C8E008CFC39 /* SceneDelegate.swift */,
				AD3C58F5274E4C8E008CFC39 /* ViewController.swift */,
				AD3C5908274E6FA6008CFC39 /* TableViewCell.swift */,
				AD3C58F7274E4C8E008CFC39 /* Main.storyboard */,
				AD3C58FD274E4C90008CFC39 /* Assets.xcassets */,
				AD3C58FF274E4C90008CFC39 /* LaunchScreen.storyboard */,
				AD3C5902274E4C90008CFC39 /* Info.plist */,
				AD3C58FA274E4C8E008CFC39 /* CoreDatePracrice2.xcdatamodeld */,
			);
			path = CoreDatePracrice2;
			sourceTree = "<group>";
		};
/* End PBXGroup section */

/* Begin PBXNativeTarget section */
		AD3C58ED274E4C8E008CFC39 /* CoreDatePracrice2 */ = {
			isa = PBXNativeTarget;
			buildConfigurationList = AD3C5905274E4C90008CFC39 /* Build configuration list for PBXNativeTarget "CoreDatePracrice2" */;
			buildPhases = (
				AD3C58EA274E4C8E008CFC39 /* Sources */,
				AD3C58EB274E4C8E008CFC39 /* Frameworks */,
				AD3C58EC274E4C8E008CFC39 /* Resources */,
			);
			buildRules = (
			);
			dependencies = (
			);
			name = CoreDatePracrice2;
			productName = CoreDatePracrice2;
			productReference = AD3C58EE274E4C8E008CFC39 /* CoreDatePracrice2.app */;
			productType = "com.apple.product-type.application";
		};
/* End PBXNativeTarget section */

/* Begin PBXProject section */
		AD3C58E6274E4C8E008CFC39 /* Project object */ = {
			isa = PBXProject;
			attributes = {
				BuildIndependentTargetsInParallel = 1;
				LastSwiftUpdateCheck = 1310;
				LastUpgradeCheck = 1310;
				TargetAttributes = {
					AD3C58ED274E4C8E008CFC39 = {
						CreatedOnToolsVersion = 13.1;
					};
				};
			};
			buildConfigurationList = AD3C58E9274E4C8E008CFC39 /* Build configuration list for PBXProject "CoreDatePracrice2" */;
			compatibilityVersion = "Xcode 13.0";
			developmentRegion = en;
			hasScannedForEncodings = 0;
			knownRegions = (
				en,
				Base,
			);
			mainGroup = AD3C58E5274E4C8E008CFC39;
			productRefGroup = AD3C58EF274E4C8E008CFC39 /* Products */;
			projectDirPath = "";
			projectRoot = "";
			targets = (
				AD3C58ED274E4C8E008CFC39 /* CoreDatePracrice2 */,
			);
		};
/* End PBXProject section */

/* Begin PBXResourcesBuildPhase section */
		AD3C58EC274E4C8E008CFC39 /* Resources */ = {
			isa = PBXResourcesBuildPhase;
			buildActionMask = 2147483647;
			files = (
				AD3C5901274E4C90008CFC39 /* LaunchScreen.storyboard in Resources */,
				AD3C58FE274E4C90008CFC39 /* Assets.xcassets in Resources */,
				AD3C58F9274E4C8E008CFC39 /* Main.storyboard in Resources */,
			);
			runOnlyForDeploymentPostprocessing = 0;
		};
/* End PBXResourcesBuildPhase section */

/* Begin PBXSourcesBuildPhase section */
		AD3C58EA274E4C8E008CFC39 /* Sources */ = {
			isa = PBXSourcesBuildPhase;
			buildActionMask = 2147483647;
			files = (
				AD3C5909274E6FA6008CFC39 /* TableViewCell.swift in Sources */,
				AD3C58FC274E4C8E008CFC39 /* CoreDatePracrice2.xcdatamodeld in Sources */,
				AD3C58F6274E4C8E008CFC39 /* ViewController.swift in Sources */,
				AD3C58F2274E4C8E008CFC39 /* AppDelegate.swift in Sources */,
				AD3C58F4274E4C8E008CFC39 /* SceneDelegate.swift in Sources */,
			);
			runOnlyForDeploymentPostprocessing = 0;
		};
/* End PBXSourcesBuildPhase section */

/* Begin PBXVariantGroup section */
		AD3C58F7274E4C8E008CFC39 /* Main.storyboard */ = {
			isa = PBXVariantGroup;
			children = (
				AD3C58F8274E4C8E008CFC39 /* Base */,
			);
			name = Main.storyboard;
			sourceTree = "<group>";
		};
		AD3C58FF274E4C90008CFC39 /* LaunchScreen.storyboard */ = {
			isa = PBXVariantGroup;
			children = (
				AD3C5900274E4C90008CFC39 /* Base */,
			);
			name = LaunchScreen.storyboard;
			sourceTree = "<group>";
		};
/* End PBXVariantGroup section */

/* Begin XCBuildConfiguration section */
		AD3C5903274E4C90008CFC39 /* Debug */ = {
			isa = XCBuildConfiguration;
			buildSettings = {
				ALWAYS_SEARCH_USER_PATHS = NO;
				CLANG_ANALYZER_NONNULL = YES;
				CLANG_ANALYZER_NUMBER_OBJECT_CONVERSION = YES_AGGRESSIVE;
				CLANG_CXX_LANGUAGE_STANDARD = "gnu++17";
				CLANG_CXX_LIBRARY = "libc++";
				CLANG_ENABLE_MODULES = YES;
				CLANG_ENABLE_OBJC_ARC = YES;
				CLANG_ENABLE_OBJC_WEAK = YES;
				CLANG_WARN_BLOCK_CAPTURE_AUTORELEASING = YES;
				CLANG_WARN_BOOL_CONVERSION = YES;
				CLANG_WARN_COMMA = YES;
				CLANG_WARN_CONSTANT_CONVERSION = YES;
				CLANG_WARN_DEPRECATED_OBJC_IMPLEMENTATIONS = YES;
				CLANG_WARN_DIRECT_OBJC_ISA_USAGE = YES_ERROR;
				CLANG_WARN_DOCUMENTATION_COMMENTS = YES;
				CLANG_WARN_EMPTY_BODY = YES;
				CLANG_WARN_ENUM_CONVERSION = YES;
				CLANG_WARN_INFINITE_RECURSION = YES;
				CLANG_WARN_INT_CONVERSION = YES;
				CLANG_WARN_NON_LITERAL_NULL_CONVERSION = YES;
				CLANG_WARN_OBJC_IMPLICIT_RETAIN_SELF = YES;
				CLANG_WARN_OBJC_LITERAL_CONVERSION = YES;
				CLANG_WARN_OBJC_ROOT_CLASS = YES_ERROR;
				CLANG_WARN_QUOTED_INCLUDE_IN_FRAMEWORK_HEADER = YES;
				CLANG_WARN_RANGE_LOOP_ANALYSIS = YES;
				CLANG_WARN_STRICT_PROTOTYPES = YES;
				CLANG_WARN_SUSPICIOUS_MOVE = YES;
				CLANG_WARN_UNGUARDED_AVAILABILITY = YES_AGGRESSIVE;
				CLANG_WARN_UNREACHABLE_CODE = YES;
				CLANG_WARN__DUPLICATE_METHOD_MATCH = YES;
				COPY_PHASE_STRIP = NO;
				DEBUG_INFORMATION_FORMAT = dwarf;
				ENABLE_STRICT_OBJC_MSGSEND = YES;
				ENABLE_TESTABILITY = YES;
				GCC_C_LANGUAGE_STANDARD = gnu11;
				GCC_DYNAMIC_NO_PIC = NO;
				GCC_NO_COMMON_BLOCKS = YES;
				GCC_OPTIMIZATION_LEVEL = 0;
				GCC_PREPROCESSOR_DEFINITIONS = (
					"DEBUG=1",
					"$(inherited)",
				);
				GCC_WARN_64_TO_32_BIT_CONVERSION = YES;
				GCC_WARN_ABOUT_RETURN_TYPE = YES_ERROR;
				GCC_WARN_UNDECLARED_SELECTOR = YES;
				GCC_WARN_UNINITIALIZED_AUTOS = YES_AGGRESSIVE;
				GCC_WARN_UNUSED_FUNCTION = YES;
				GCC_WARN_UNUSED_VARIABLE = YES;
				IPHONEOS_DEPLOYMENT_TARGET = 15.0;
				MTL_ENABLE_DEBUG_INFO = INCLUDE_SOURCE;
				MTL_FAST_MATH = YES;
				ONLY_ACTIVE_ARCH = YES;
				SDKROOT = iphoneos;
				SWIFT_ACTIVE_COMPILATION_CONDITIONS = DEBUG;
				SWIFT_OPTIMIZATION_LEVEL = "-Onone";
			};
			name = Debug;
		};
		AD3C5904274E4C90008CFC39 /* Release */ = {
			isa = XCBuildConfiguration;
			buildSettings = {
				ALWAYS_SEARCH_USER_PATHS = NO;
				CLANG_ANALYZER_NONNULL = YES;
				CLANG_ANALYZER_NUMBER_OBJECT_CONVERSION = YES_AGGRESSIVE;
				CLANG_CXX_LANGUAGE_STANDARD = "gnu++17";
				CLANG_CXX_LIBRARY = "libc++";
				CLANG_ENABLE_MODULES = YES;
				CLANG_ENABLE_OBJC_ARC = YES;
				CLANG_ENABLE_OBJC_WEAK = YES;
				CLANG_WARN_BLOCK_CAPTURE_AUTORELEASING = YES;
				CLANG_WARN_BOOL_CONVERSION = YES;
				CLANG_WARN_COMMA = YES;
				CLANG_WARN_CONSTANT_CONVERSION = YES;
				CLANG_WARN_DEPRECATED_OBJC_IMPLEMENTATIONS = YES;
				CLANG_WARN_DIRECT_OBJC_ISA_USAGE = YES_ERROR;
				CLANG_WARN_DOCUMENTATION_COMMENTS = YES;
				CLANG_WARN_EMPTY_BODY = YES;
				CLANG_WARN_ENUM_CONVERSION = YES;
				CLANG_WARN_INFINITE_RECURSION = YES;
				CLANG_WARN_INT_CONVERSION = YES;
				CLANG_WARN_NON_LITERAL_NULL_CONVERSION = YES;
				CLANG_WARN_OBJC_IMPLICIT_RETAIN_SELF = YES;
				CLANG_WARN_OBJC_LITERAL_CONVERSION = YES;
				CLANG_WARN_OBJC_ROOT_CLASS = YES_ERROR;
				CLANG_WARN_QUOTED_INCLUDE_IN_FRAMEWORK_HEADER = YES;
				CLANG_WARN_RANGE_LOOP_ANALYSIS = YES;
				CLANG_WARN_STRICT_PROTOTYPES = YES;
				CLANG_WARN_SUSPICIOUS_MOVE = YES;
				CLANG_WARN_UNGUARDED_AVAILABILITY = YES_AGGRESSIVE;
				CLANG_WARN_UNREACHABLE_CODE = YES;
				CLANG_WARN__DUPLICATE_METHOD_MATCH = YES;
				COPY_PHASE_STRIP = NO;
				DEBUG_INFORMATION_FORMAT = "dwarf-with-dsym";
				ENABLE_NS_ASSERTIONS = NO;
				ENABLE_STRICT_OBJC_MSGSEND = YES;
				GCC_C_LANGUAGE_STANDARD = gnu11;
				GCC_NO_COMMON_BLOCKS = YES;
				GCC_WARN_64_TO_32_BIT_CONVERSION = YES;
				GCC_WARN_ABOUT_RETURN_TYPE = YES_ERROR;
				GCC_WARN_UNDECLARED_SELECTOR = YES;
				GCC_WARN_UNINITIALIZED_AUTOS = YES_AGGRESSIVE;
				GCC_WARN_UNUSED_FUNCTION = YES;
				GCC_WARN_UNUSED_VARIABLE = YES;
				IPHONEOS_DEPLOYMENT_TARGET = 15.0;
				MTL_ENABLE_DEBUG_INFO = NO;
				MTL_FAST_MATH = YES;
				SDKROOT = iphoneos;
				SWIFT_COMPILATION_MODE = wholemodule;
				SWIFT_OPTIMIZATION_LEVEL = "-O";
				VALIDATE_PRODUCT = YES;
			};
			name = Release;
		};
		AD3C5906274E4C90008CFC39 /* Debug */ = {
			isa = XCBuildConfiguration;
			buildSettings = {
				ASSETCATALOG_COMPILER_APPICON_NAME = AppIcon;
				ASSETCATALOG_COMPILER_GLOBAL_ACCENT_COLOR_NAME = AccentColor;
				CODE_SIGN_STYLE = Automatic;
				CURRENT_PROJECT_VERSION = 1;
				GENERATE_INFOPLIST_FILE = YES;
				INFOPLIST_FILE = CoreDatePracrice2/Info.plist;
				INFOPLIST_KEY_UIApplicationSupportsIndirectInputEvents = YES;
				INFOPLIST_KEY_UILaunchStoryboardName = LaunchScreen;
				INFOPLIST_KEY_UIMainStoryboardFile = Main;
				INFOPLIST_KEY_UISupportedInterfaceOrientations_iPad = "UIInterfaceOrientationPortrait UIInterfaceOrientationPortraitUpsideDown UIInterfaceOrientationLandscapeLeft UIInterfaceOrientationLandscapeRight";
				INFOPLIST_KEY_UISupportedInterfaceOrientations_iPhone = "UIInterfaceOrientationPortrait UIInterfaceOrientationLandscapeLeft UIInterfaceOrientationLandscapeRight";
				LD_RUNPATH_SEARCH_PATHS = (
					"$(inherited)",
					"@executable_path/Frameworks",
				);
				MARKETING_VERSION = 1.0;
				PRODUCT_BUNDLE_IDENTIFIER = "-45tg.CoreDatePracrice2";
				PRODUCT_NAME = "$(TARGET_NAME)";
				SWIFT_EMIT_LOC_STRINGS = YES;
				SWIFT_VERSION = 5.0;
				TARGETED_DEVICE_FAMILY = "1,2";
			};
			name = Debug;
		};
		AD3C5907274E4C90008CFC39 /* Release */ = {
			isa = XCBuildConfiguration;
			buildSettings = {
				ASSETCATALOG_COMPILER_APPICON_NAME = AppIcon;
				ASSETCATALOG_COMPILER_GLOBAL_ACCENT_COLOR_NAME = AccentColor;
				CODE_SIGN_STYLE = Automatic;
				CURRENT_PROJECT_VERSION = 1;
				GENERATE_INFOPLIST_FILE = YES;
				INFOPLIST_FILE = CoreDatePracrice2/Info.plist;
				INFOPLIST_KEY_UIApplicationSupportsIndirectInputEvents = YES;
				INFOPLIST_KEY_UILaunchStoryboardName = LaunchScreen;
				INFOPLIST_KEY_UIMainStoryboardFile = Main;
				INFOPLIST_KEY_UISupportedInterfaceOrientations_iPad = "UIInterfaceOrientationPortrait UIInterfaceOrientationPortraitUpsideDown UIInterfaceOrientationLandscapeLeft UIInterfaceOrientationLandscapeRight";
				INFOPLIST_KEY_UISupportedInterfaceOrientations_iPhone = "UIInterfaceOrientationPortrait UIInterfaceOrientationLandscapeLeft UIInterfaceOrientationLandscapeRight";
				LD_RUNPATH_SEARCH_PATHS = (
					"$(inherited)",
					"@executable_path/Frameworks",
				);
				MARKETING_VERSION = 1.0;
				PRODUCT_BUNDLE_IDENTIFIER = "-45tg.CoreDatePracrice2";
				PRODUCT_NAME = "$(TARGET_NAME)";
				SWIFT_EMIT_LOC_STRINGS = YES;
				SWIFT_VERSION = 5.0;
				TARGETED_DEVICE_FAMILY = "1,2";
			};
			name = Release;
		};
/* End XCBuildConfiguration section */

/* Begin XCConfigurationList section */
		AD3C58E9274E4C8E008CFC39 /* Build configuration list for PBXProject "CoreDatePracrice2" */ = {
			isa = XCConfigurationList;
			buildConfigurations = (
				AD3C5903274E4C90008CFC39 /* Debug */,
				AD3C5904274E4C90008CFC39 /* Release */,
			);
			defaultConfigurationIsVisible = 0;
			defaultConfigurationName = Release;
		};
		AD3C5905274E4C90008CFC39 /* Build configuration list for PBXNativeTarget "CoreDatePracrice2" */ = {
			isa = XCConfigurationList;
			buildConfigurations = (
				AD3C5906274E4C90008CFC39 /* Debug */,
				AD3C5907274E4C90008CFC39 /* Release */,
			);
			defaultConfigurationIsVisible = 0;
			defaultConfigurationName = Release;
		};
/* End XCConfigurationList section */

/* Begin XCVersionGroup section */
		AD3C58FA274E4C8E008CFC39 /* CoreDatePracrice2.xcdatamodeld */ = {
			isa = XCVersionGroup;
			children = (
				AD3C58FB274E4C8E008CFC39 /* CoreDatePracrice2.xcdatamodel */,
			);
			currentVersion = AD3C58FB274E4C8E008CFC39 /* CoreDatePracrice2.xcdatamodel */;
			path = CoreDatePracrice2.xcdatamodeld;
			sourceTree = "<group>";
			versionGroupType = wrapper.xcdatamodel;
		};
/* End XCVersionGroup section */
	};
	rootObject = AD3C58E6274E4C8E008CFC39 /* Project object */;
}
